
Microsoft Visual Studio Solution File, Format Version 12.00
# Visual Studio 2013
VisualStudioVersion = 12.0.40629.0
MinimumVisualStudioVersion = 10.0.40219.1
Project("{FAE04EC0-301F-11D3-BF4B-00C04F79EFBC}") = "DeathStarImperator.Core", "DeathStarImperator.Core\DeathStarImperator.Core.csproj", "{AEFAF1A2-9581-406A-828D-AFE20673C448}"
EndProject
Project("{FAE04EC0-301F-11D3-BF4B-00C04F79EFBC}") = "DeathStarImperator.UI", "DeathStarImperator.UI\DeathStarImperator.UI.csproj", "{D5ABF581-FAC7-43B2-9D7E-02146BB6B447}"
EndProject
Project("{2150E333-8FDC-42A3-9474-1A3956D46DE8}") = "Tests", "Tests", "{C386C3D9-ACD0-4D4E-BA9C-79D376C9CC2B}"
EndProject
Project("{2150E333-8FDC-42A3-9474-1A3956D46DE8}") = "Imperator", "Imperator", "{8DDB019E-A2AB-4C5A-BE50-26AC92436B0D}"
EndProject
Project("{2150E333-8FDC-42A3-9474-1A3956D46DE8}") = ".nuget", ".nuget", "{AABD444F-AEA8-449E-9605-EECA11250DE3}"
	ProjectSection(SolutionItems) = preProject
		.nuget\NuGet.Config = .nuget\NuGet.Config
		.nuget\NuGet.exe = .nuget\NuGet.exe
		.nuget\NuGet.targets = .nuget\NuGet.targets
		.nuget\packages.config = .nuget\packages.config
	EndProjectSection
EndProject
Project("{FAE04EC0-301F-11D3-BF4B-00C04F79EFBC}") = "DeathStarImperator.Tests", "DeathStarImperator.Tests\DeathStarImperator.Tests.csproj", "{9C49BDD0-60B5-4443-9DFD-E9F9DB998904}"
EndProject
Global
	GlobalSection(SolutionConfigurationPlatforms) = preSolution
		Debug|Any CPU = Debug|Any CPU
		Release|Any CPU = Release|Any CPU
	EndGlobalSection
	GlobalSection(ProjectConfigurationPlatforms) = postSolution
		{AEFAF1A2-9581-406A-828D-AFE20673C448}.Debug|Any CPU.ActiveCfg = Debug|Any CPU
		{AEFAF1A2-9581-406A-828D-AFE20673C448}.Debug|Any CPU.Build.0 = Debug|Any CPU
		{AEFAF1A2-9581-406A-828D-AFE20673C448}.Release|Any CPU.ActiveCfg = Release|Any CPU
		{AEFAF1A2-9581-406A-828D-AFE20673C448}.Release|Any CPU.Build.0 = Release|Any CPU
		{D5ABF581-FAC7-43B2-9D7E-02146BB6B447}.Debug|Any CPU.ActiveCfg = Debug|Any CPU
		{D5ABF581-FAC7-43B2-9D7E-02146BB6B447}.Debug|Any CPU.Build.0 = Debug|Any CPU
		{D5ABF581-FAC7-43B2-9D7E-02146BB6B447}.Release|Any CPU.ActiveCfg = Release|Any CPU
		{D5ABF581-FAC7-43B2-9D7E-02146BB6B447}.Release|Any CPU.Build.0 = Release|Any CPU
		{9C49BDD0-60B5-4443-9DFD-E9F9DB998904}.Debug|Any CPU.ActiveCfg = Debug|Any CPU
		{9C49BDD0-60B5-4443-9DFD-E9F9DB998904}.Debug|Any CPU.Build.0 = Debug|Any CPU
		{9C49BDD0-60B5-4443-9DFD-E9F9DB998904}.Release|Any CPU.ActiveCfg = Release|Any CPU
		{9C49BDD0-60B5-4443-9DFD-E9F9DB998904}.Release|Any CPU.Build.0 = Release|Any CPU
	EndGlobalSection
	GlobalSection(SolutionProperties) = preSolution
		HideSolutionNode = FALSE
	EndGlobalSection
	GlobalSection(NestedProjects) = preSolution
		{AEFAF1A2-9581-406A-828D-AFE20673C448} = {8DDB019E-A2AB-4C5A-BE50-26AC92436B0D}
		{D5ABF581-FAC7-43B2-9D7E-02146BB6B447} = {8DDB019E-A2AB-4C5A-BE50-26AC92436B0D}
		{9C49BDD0-60B5-4443-9DFD-E9F9DB998904} = {C386C3D9-ACD0-4D4E-BA9C-79D376C9CC2B}
	EndGlobalSection
EndGlobal
